
Microsoft Visual Studio Solution File, Format Version 12.00
# Visual Studio Version 16
VisualStudioVersion = 16.0.30804.86
MinimumVisualStudioVersion = 10.0.40219.1
Project("{FAE04EC0-301F-11D3-BF4B-00C04F79EFBC}") = "hastaneotomasyonu1", "hastaneotomasyonu1.csproj", "{15030DD9-3E03-4152-BDE1-4788747E8505}"
EndProject
Global
	GlobalSection(SolutionConfigurationPlatforms) = preSolution
		Debug|Any CPU = Debug|Any CPU
		Release|Any CPU = Release|Any CPU
	EndGlobalSection
	GlobalSection(ProjectConfigurationPlatforms) = postSolution
		{15030DD9-3E03-4152-BDE1-4788747E8505}.Debug|Any CPU.ActiveCfg = Debug|Any CPU
		{15030DD9-3E03-4152-BDE1-4788747E8505}.Debug|Any CPU.Build.0 = Debug|Any CPU
		{15030DD9-3E03-4152-BDE1-4788747E8505}.Release|Any CPU.ActiveCfg = Release|Any CPU
		{15030DD9-3E03-4152-BDE1-4788747E8505}.Release|Any CPU.Build.0 = Release|Any CPU
	EndGlobalSection
	GlobalSection(SolutionProperties) = preSolution
		HideSolutionNode = FALSE
	EndGlobalSection
	GlobalSection(ExtensibilityGlobals) = postSolution
		SolutionGuid = {18F5B07D-90FF-4162-A921-89487D3C0E9D}
	EndGlobalSection
EndGlobal
